
Microsoft Visual Studio Solution File, Format Version 12.00
# Visual Studio 14
VisualStudioVersion = 14.0.23107.0
MinimumVisualStudioVersion = 10.0.40219.1
Project("{FAE04EC0-301F-11D3-BF4B-00C04F79EFBC}") = "Mobile", "Mobile\Mobile.csproj", "{5E5A4F21-29E9-4A65-8BC8-F0C681288C89}"
EndProject
Project("{FAE04EC0-301F-11D3-BF4B-00C04F79EFBC}") = "Mobile.iOS", "Mobile.iOS\Mobile.iOS.csproj", "{9B76C107-87FA-4471-82A6-A72E707C49FD}"
EndProject
Project("{FAE04EC0-301F-11D3-BF4B-00C04F79EFBC}") = "Mobile.Droid", "Mobile.Droid\Mobile.Droid.csproj", "{E0733125-8B9D-4F2B-A207-4364CD1CBFD6}"
EndProject
Project("{FAE04EC0-301F-11D3-BF4B-00C04F79EFBC}") = "Mobile.WinPhone", "Mobile.WinPhone\Mobile.WinPhone.csproj", "{7008C476-0111-4609-9B9E-5A780C1F63EF}"
EndProject
Project("{2150E333-8FDC-42A3-9474-1A3956D46DE8}") = "1 - Platform", "1 - Platform", "{8163F151-3CB5-4464-9772-6646C25FF999}"
EndProject
Project("{2150E333-8FDC-42A3-9474-1A3956D46DE8}") = "2 - Portable", "2 - Portable", "{8CB09A68-5AE2-4848-904C-632344FDCF21}"
EndProject
Project("{2150E333-8FDC-42A3-9474-1A3956D46DE8}") = "Solution Items", "Solution Items", "{AC2FCBA3-6775-4C43-9032-A72660E2C648}"
	ProjectSection(SolutionItems) = preProject
		CHECKLIST.md = CHECKLIST.md
		LICENSE = LICENSE
		README.md = README.md
	EndProjectSection
EndProject
Project("{2150E333-8FDC-42A3-9474-1A3956D46DE8}") = "4 - Framework", "4 - Framework", "{8499C92C-74A7-4FF8-890A-FA9EC918FF55}"
EndProject
Project("{2150E333-8FDC-42A3-9474-1A3956D46DE8}") = "3 - Service", "3 - Service", "{AA87B26F-1632-4159-8569-AFFF327A4B8F}"
EndProject
Project("{FAE04EC0-301F-11D3-BF4B-00C04F79EFBC}") = "DataService", "DataService\DataService.csproj", "{70975303-5A1F-46C9-9EC5-EA6D6D991A53}"
EndProject
Project("{FAE04EC0-301F-11D3-BF4B-00C04F79EFBC}") = "Common", "Common\Common.csproj", "{FFDA80E4-B674-4E70-9FB8-7958BC824614}"
EndProject
Project("{FAE04EC0-301F-11D3-BF4B-00C04F79EFBC}") = "ApiRepository", "ApiRepository\ApiRepository.csproj", "{67F9D3A8-F71E-4428-913F-C37AE82CDB24}"
EndProject
Project("{2150E333-8FDC-42A3-9474-1A3956D46DE8}") = "5 - Tests", "5 - Tests", "{E161DF30-3040-423B-B8CD-21861B8C049F}"
EndProject
Project("{FAE04EC0-301F-11D3-BF4B-00C04F79EFBC}") = "Mobile.UITest", "Mobile.UITest\Mobile.UITest.csproj", "{584F4F30-0140-4296-ACD7-03F0DA91682E}"
EndProject
Project("{FAE04EC0-301F-11D3-BF4B-00C04F79EFBC}") = "Definition", "Definition\Definition.csproj", "{3C22081C-C5BD-4E4A-9D84-BAE9261FC0D9}"
EndProject
Global
	GlobalSection(SolutionConfigurationPlatforms) = preSolution
		Ad-Hoc|Any CPU = Ad-Hoc|Any CPU
		Ad-Hoc|ARM = Ad-Hoc|ARM
		Ad-Hoc|iPhone = Ad-Hoc|iPhone
		Ad-Hoc|iPhoneSimulator = Ad-Hoc|iPhoneSimulator
		Ad-Hoc|Mixed Platforms = Ad-Hoc|Mixed Platforms
		Ad-Hoc|x86 = Ad-Hoc|x86
		AppStore|Any CPU = AppStore|Any CPU
		AppStore|ARM = AppStore|ARM
		AppStore|iPhone = AppStore|iPhone
		AppStore|iPhoneSimulator = AppStore|iPhoneSimulator
		AppStore|Mixed Platforms = AppStore|Mixed Platforms
		AppStore|x86 = AppStore|x86
		Debug|Any CPU = Debug|Any CPU
		Debug|ARM = Debug|ARM
		Debug|iPhone = Debug|iPhone
		Debug|iPhoneSimulator = Debug|iPhoneSimulator
		Debug|Mixed Platforms = Debug|Mixed Platforms
		Debug|x86 = Debug|x86
		Release|Any CPU = Release|Any CPU
		Release|ARM = Release|ARM
		Release|iPhone = Release|iPhone
		Release|iPhoneSimulator = Release|iPhoneSimulator
		Release|Mixed Platforms = Release|Mixed Platforms
		Release|x86 = Release|x86
	EndGlobalSection
	GlobalSection(ProjectConfigurationPlatforms) = postSolution
		{5E5A4F21-29E9-4A65-8BC8-F0C681288C89}.Ad-Hoc|Any CPU.ActiveCfg = Release|Any CPU
		{5E5A4F21-29E9-4A65-8BC8-F0C681288C89}.Ad-Hoc|Any CPU.Build.0 = Release|Any CPU
		{5E5A4F21-29E9-4A65-8BC8-F0C681288C89}.Ad-Hoc|ARM.ActiveCfg = Release|Any CPU
		{5E5A4F21-29E9-4A65-8BC8-F0C681288C89}.Ad-Hoc|iPhone.ActiveCfg = Release|Any CPU
		{5E5A4F21-29E9-4A65-8BC8-F0C681288C89}.Ad-Hoc|iPhoneSimulator.ActiveCfg = Release|Any CPU
		{5E5A4F21-29E9-4A65-8BC8-F0C681288C89}.Ad-Hoc|Mixed Platforms.ActiveCfg = Release|Any CPU
		{5E5A4F21-29E9-4A65-8BC8-F0C681288C89}.Ad-Hoc|Mixed Platforms.Build.0 = Release|Any CPU
		{5E5A4F21-29E9-4A65-8BC8-F0C681288C89}.Ad-Hoc|x86.ActiveCfg = Release|Any CPU
		{5E5A4F21-29E9-4A65-8BC8-F0C681288C89}.AppStore|Any CPU.ActiveCfg = Release|Any CPU
		{5E5A4F21-29E9-4A65-8BC8-F0C681288C89}.AppStore|Any CPU.Build.0 = Release|Any CPU
		{5E5A4F21-29E9-4A65-8BC8-F0C681288C89}.AppStore|ARM.ActiveCfg = Release|Any CPU
		{5E5A4F21-29E9-4A65-8BC8-F0C681288C89}.AppStore|iPhone.ActiveCfg = Release|Any CPU
		{5E5A4F21-29E9-4A65-8BC8-F0C681288C89}.AppStore|iPhoneSimulator.ActiveCfg = Release|Any CPU
		{5E5A4F21-29E9-4A65-8BC8-F0C681288C89}.AppStore|Mixed Platforms.ActiveCfg = Release|Any CPU
		{5E5A4F21-29E9-4A65-8BC8-F0C681288C89}.AppStore|Mixed Platforms.Build.0 = Release|Any CPU
		{5E5A4F21-29E9-4A65-8BC8-F0C681288C89}.AppStore|x86.ActiveCfg = Release|Any CPU
		{5E5A4F21-29E9-4A65-8BC8-F0C681288C89}.Debug|Any CPU.ActiveCfg = Debug|Any CPU
		{5E5A4F21-29E9-4A65-8BC8-F0C681288C89}.Debug|Any CPU.Build.0 = Debug|Any CPU
		{5E5A4F21-29E9-4A65-8BC8-F0C681288C89}.Debug|ARM.ActiveCfg = Debug|Any CPU
		{5E5A4F21-29E9-4A65-8BC8-F0C681288C89}.Debug|iPhone.ActiveCfg = Debug|Any CPU
		{5E5A4F21-29E9-4A65-8BC8-F0C681288C89}.Debug|iPhoneSimulator.ActiveCfg = Debug|Any CPU
		{5E5A4F21-29E9-4A65-8BC8-F0C681288C89}.Debug|Mixed Platforms.ActiveCfg = Debug|Any CPU
		{5E5A4F21-29E9-4A65-8BC8-F0C681288C89}.Debug|Mixed Platforms.Build.0 = Debug|Any CPU
		{5E5A4F21-29E9-4A65-8BC8-F0C681288C89}.Debug|x86.ActiveCfg = Debug|Any CPU
		{5E5A4F21-29E9-4A65-8BC8-F0C681288C89}.Release|Any CPU.ActiveCfg = Release|Any CPU
		{5E5A4F21-29E9-4A65-8BC8-F0C681288C89}.Release|Any CPU.Build.0 = Release|Any CPU
		{5E5A4F21-29E9-4A65-8BC8-F0C681288C89}.Release|ARM.ActiveCfg = Release|Any CPU
		{5E5A4F21-29E9-4A65-8BC8-F0C681288C89}.Release|iPhone.ActiveCfg = Release|Any CPU
		{5E5A4F21-29E9-4A65-8BC8-F0C681288C89}.Release|iPhoneSimulator.ActiveCfg = Release|Any CPU
		{5E5A4F21-29E9-4A65-8BC8-F0C681288C89}.Release|Mixed Platforms.ActiveCfg = Release|Any CPU
		{5E5A4F21-29E9-4A65-8BC8-F0C681288C89}.Release|Mixed Platforms.Build.0 = Release|Any CPU
		{5E5A4F21-29E9-4A65-8BC8-F0C681288C89}.Release|x86.ActiveCfg = Release|Any CPU
		{9B76C107-87FA-4471-82A6-A72E707C49FD}.Ad-Hoc|Any CPU.ActiveCfg = Ad-Hoc|iPhone
		{9B76C107-87FA-4471-82A6-A72E707C49FD}.Ad-Hoc|ARM.ActiveCfg = Ad-Hoc|iPhone
		{9B76C107-87FA-4471-82A6-A72E707C49FD}.Ad-Hoc|iPhone.ActiveCfg = Ad-Hoc|iPhone
		{9B76C107-87FA-4471-82A6-A72E707C49FD}.Ad-Hoc|iPhone.Build.0 = Ad-Hoc|iPhone
		{9B76C107-87FA-4471-82A6-A72E707C49FD}.Ad-Hoc|iPhoneSimulator.ActiveCfg = Ad-Hoc|iPhoneSimulator
		{9B76C107-87FA-4471-82A6-A72E707C49FD}.Ad-Hoc|iPhoneSimulator.Build.0 = Ad-Hoc|iPhoneSimulator
		{9B76C107-87FA-4471-82A6-A72E707C49FD}.Ad-Hoc|Mixed Platforms.ActiveCfg = Ad-Hoc|iPhone
		{9B76C107-87FA-4471-82A6-A72E707C49FD}.Ad-Hoc|Mixed Platforms.Build.0 = Ad-Hoc|iPhone
		{9B76C107-87FA-4471-82A6-A72E707C49FD}.Ad-Hoc|x86.ActiveCfg = Ad-Hoc|iPhone
		{9B76C107-87FA-4471-82A6-A72E707C49FD}.AppStore|Any CPU.ActiveCfg = AppStore|iPhone
		{9B76C107-87FA-4471-82A6-A72E707C49FD}.AppStore|ARM.ActiveCfg = AppStore|iPhone
		{9B76C107-87FA-4471-82A6-A72E707C49FD}.AppStore|iPhone.ActiveCfg = AppStore|iPhone
		{9B76C107-87FA-4471-82A6-A72E707C49FD}.AppStore|iPhone.Build.0 = AppStore|iPhone
		{9B76C107-87FA-4471-82A6-A72E707C49FD}.AppStore|iPhoneSimulator.ActiveCfg = AppStore|iPhoneSimulator
		{9B76C107-87FA-4471-82A6-A72E707C49FD}.AppStore|iPhoneSimulator.Build.0 = AppStore|iPhoneSimulator
		{9B76C107-87FA-4471-82A6-A72E707C49FD}.AppStore|Mixed Platforms.ActiveCfg = AppStore|iPhone
		{9B76C107-87FA-4471-82A6-A72E707C49FD}.AppStore|Mixed Platforms.Build.0 = AppStore|iPhone
		{9B76C107-87FA-4471-82A6-A72E707C49FD}.AppStore|x86.ActiveCfg = AppStore|iPhone
		{9B76C107-87FA-4471-82A6-A72E707C49FD}.Debug|Any CPU.ActiveCfg = Debug|iPhone
		{9B76C107-87FA-4471-82A6-A72E707C49FD}.Debug|ARM.ActiveCfg = Debug|iPhone
		{9B76C107-87FA-4471-82A6-A72E707C49FD}.Debug|iPhone.ActiveCfg = Debug|iPhone
		{9B76C107-87FA-4471-82A6-A72E707C49FD}.Debug|iPhone.Build.0 = Debug|iPhone
		{9B76C107-87FA-4471-82A6-A72E707C49FD}.Debug|iPhoneSimulator.ActiveCfg = Debug|iPhoneSimulator
		{9B76C107-87FA-4471-82A6-A72E707C49FD}.Debug|iPhoneSimulator.Build.0 = Debug|iPhoneSimulator
		{9B76C107-87FA-4471-82A6-A72E707C49FD}.Debug|Mixed Platforms.ActiveCfg = Debug|iPhone
		{9B76C107-87FA-4471-82A6-A72E707C49FD}.Debug|Mixed Platforms.Build.0 = Debug|iPhone
		{9B76C107-87FA-4471-82A6-A72E707C49FD}.Debug|x86.ActiveCfg = Debug|iPhone
		{9B76C107-87FA-4471-82A6-A72E707C49FD}.Release|Any CPU.ActiveCfg = Release|iPhone
		{9B76C107-87FA-4471-82A6-A72E707C49FD}.Release|ARM.ActiveCfg = Release|iPhone
		{9B76C107-87FA-4471-82A6-A72E707C49FD}.Release|iPhone.ActiveCfg = Release|iPhone
		{9B76C107-87FA-4471-82A6-A72E707C49FD}.Release|iPhone.Build.0 = Release|iPhone
		{9B76C107-87FA-4471-82A6-A72E707C49FD}.Release|iPhoneSimulator.ActiveCfg = Release|iPhoneSimulator
		{9B76C107-87FA-4471-82A6-A72E707C49FD}.Release|iPhoneSimulator.Build.0 = Release|iPhoneSimulator
		{9B76C107-87FA-4471-82A6-A72E707C49FD}.Release|Mixed Platforms.ActiveCfg = Release|iPhone
		{9B76C107-87FA-4471-82A6-A72E707C49FD}.Release|Mixed Platforms.Build.0 = Release|iPhone
		{9B76C107-87FA-4471-82A6-A72E707C49FD}.Release|x86.ActiveCfg = Release|iPhone
		{E0733125-8B9D-4F2B-A207-4364CD1CBFD6}.Ad-Hoc|Any CPU.ActiveCfg = Release|Any CPU
		{E0733125-8B9D-4F2B-A207-4364CD1CBFD6}.Ad-Hoc|Any CPU.Build.0 = Release|Any CPU
		{E0733125-8B9D-4F2B-A207-4364CD1CBFD6}.Ad-Hoc|Any CPU.Deploy.0 = Release|Any CPU
		{E0733125-8B9D-4F2B-A207-4364CD1CBFD6}.Ad-Hoc|ARM.ActiveCfg = Release|Any CPU
		{E0733125-8B9D-4F2B-A207-4364CD1CBFD6}.Ad-Hoc|iPhone.ActiveCfg = Release|Any CPU
		{E0733125-8B9D-4F2B-A207-4364CD1CBFD6}.Ad-Hoc|iPhoneSimulator.ActiveCfg = Release|Any CPU
		{E0733125-8B9D-4F2B-A207-4364CD1CBFD6}.Ad-Hoc|Mixed Platforms.ActiveCfg = Release|Any CPU
		{E0733125-8B9D-4F2B-A207-4364CD1CBFD6}.Ad-Hoc|Mixed Platforms.Build.0 = Release|Any CPU
		{E0733125-8B9D-4F2B-A207-4364CD1CBFD6}.Ad-Hoc|Mixed Platforms.Deploy.0 = Release|Any CPU
		{E0733125-8B9D-4F2B-A207-4364CD1CBFD6}.Ad-Hoc|x86.ActiveCfg = Release|Any CPU
		{E0733125-8B9D-4F2B-A207-4364CD1CBFD6}.AppStore|Any CPU.ActiveCfg = Release|Any CPU
		{E0733125-8B9D-4F2B-A207-4364CD1CBFD6}.AppStore|Any CPU.Build.0 = Release|Any CPU
		{E0733125-8B9D-4F2B-A207-4364CD1CBFD6}.AppStore|Any CPU.Deploy.0 = Release|Any CPU
		{E0733125-8B9D-4F2B-A207-4364CD1CBFD6}.AppStore|ARM.ActiveCfg = Release|Any CPU
		{E0733125-8B9D-4F2B-A207-4364CD1CBFD6}.AppStore|iPhone.ActiveCfg = Release|Any CPU
		{E0733125-8B9D-4F2B-A207-4364CD1CBFD6}.AppStore|iPhoneSimulator.ActiveCfg = Release|Any CPU
		{E0733125-8B9D-4F2B-A207-4364CD1CBFD6}.AppStore|Mixed Platforms.ActiveCfg = Release|Any CPU
		{E0733125-8B9D-4F2B-A207-4364CD1CBFD6}.AppStore|Mixed Platforms.Build.0 = Release|Any CPU
		{E0733125-8B9D-4F2B-A207-4364CD1CBFD6}.AppStore|Mixed Platforms.Deploy.0 = Release|Any CPU
		{E0733125-8B9D-4F2B-A207-4364CD1CBFD6}.AppStore|x86.ActiveCfg = Release|Any CPU
		{E0733125-8B9D-4F2B-A207-4364CD1CBFD6}.Debug|Any CPU.ActiveCfg = Debug|Any CPU
		{E0733125-8B9D-4F2B-A207-4364CD1CBFD6}.Debug|Any CPU.Build.0 = Debug|Any CPU
		{E0733125-8B9D-4F2B-A207-4364CD1CBFD6}.Debug|Any CPU.Deploy.0 = Debug|Any CPU
		{E0733125-8B9D-4F2B-A207-4364CD1CBFD6}.Debug|ARM.ActiveCfg = Debug|Any CPU
		{E0733125-8B9D-4F2B-A207-4364CD1CBFD6}.Debug|iPhone.ActiveCfg = Debug|Any CPU
		{E0733125-8B9D-4F2B-A207-4364CD1CBFD6}.Debug|iPhoneSimulator.ActiveCfg = Debug|Any CPU
		{E0733125-8B9D-4F2B-A207-4364CD1CBFD6}.Debug|Mixed Platforms.ActiveCfg = Debug|Any CPU
		{E0733125-8B9D-4F2B-A207-4364CD1CBFD6}.Debug|Mixed Platforms.Build.0 = Debug|Any CPU
		{E0733125-8B9D-4F2B-A207-4364CD1CBFD6}.Debug|Mixed Platforms.Deploy.0 = Debug|Any CPU
		{E0733125-8B9D-4F2B-A207-4364CD1CBFD6}.Debug|x86.ActiveCfg = Debug|Any CPU
		{E0733125-8B9D-4F2B-A207-4364CD1CBFD6}.Release|Any CPU.ActiveCfg = Release|Any CPU
		{E0733125-8B9D-4F2B-A207-4364CD1CBFD6}.Release|Any CPU.Build.0 = Release|Any CPU
		{E0733125-8B9D-4F2B-A207-4364CD1CBFD6}.Release|Any CPU.Deploy.0 = Release|Any CPU
		{E0733125-8B9D-4F2B-A207-4364CD1CBFD6}.Release|ARM.ActiveCfg = Release|Any CPU
		{E0733125-8B9D-4F2B-A207-4364CD1CBFD6}.Release|iPhone.ActiveCfg = Release|Any CPU
		{E0733125-8B9D-4F2B-A207-4364CD1CBFD6}.Release|iPhoneSimulator.ActiveCfg = Release|Any CPU
		{E0733125-8B9D-4F2B-A207-4364CD1CBFD6}.Release|Mixed Platforms.ActiveCfg = Release|Any CPU
		{E0733125-8B9D-4F2B-A207-4364CD1CBFD6}.Release|Mixed Platforms.Build.0 = Release|Any CPU
		{E0733125-8B9D-4F2B-A207-4364CD1CBFD6}.Release|Mixed Platforms.Deploy.0 = Release|Any CPU
		{E0733125-8B9D-4F2B-A207-4364CD1CBFD6}.Release|x86.ActiveCfg = Release|Any CPU
		{7008C476-0111-4609-9B9E-5A780C1F63EF}.Ad-Hoc|Any CPU.ActiveCfg = Release|Any CPU
		{7008C476-0111-4609-9B9E-5A780C1F63EF}.Ad-Hoc|Any CPU.Build.0 = Release|Any CPU
		{7008C476-0111-4609-9B9E-5A780C1F63EF}.Ad-Hoc|Any CPU.Deploy.0 = Release|Any CPU
		{7008C476-0111-4609-9B9E-5A780C1F63EF}.Ad-Hoc|ARM.ActiveCfg = Release|ARM
		{7008C476-0111-4609-9B9E-5A780C1F63EF}.Ad-Hoc|ARM.Build.0 = Release|ARM
		{7008C476-0111-4609-9B9E-5A780C1F63EF}.Ad-Hoc|ARM.Deploy.0 = Release|ARM
		{7008C476-0111-4609-9B9E-5A780C1F63EF}.Ad-Hoc|iPhone.ActiveCfg = Release|Any CPU
		{7008C476-0111-4609-9B9E-5A780C1F63EF}.Ad-Hoc|iPhoneSimulator.ActiveCfg = Release|Any CPU
		{7008C476-0111-4609-9B9E-5A780C1F63EF}.Ad-Hoc|Mixed Platforms.ActiveCfg = Release|x86
		{7008C476-0111-4609-9B9E-5A780C1F63EF}.Ad-Hoc|Mixed Platforms.Build.0 = Release|x86
		{7008C476-0111-4609-9B9E-5A780C1F63EF}.Ad-Hoc|Mixed Platforms.Deploy.0 = Release|x86
		{7008C476-0111-4609-9B9E-5A780C1F63EF}.Ad-Hoc|x86.ActiveCfg = Release|x86
		{7008C476-0111-4609-9B9E-5A780C1F63EF}.Ad-Hoc|x86.Build.0 = Release|x86
		{7008C476-0111-4609-9B9E-5A780C1F63EF}.Ad-Hoc|x86.Deploy.0 = Release|x86
		{7008C476-0111-4609-9B9E-5A780C1F63EF}.AppStore|Any CPU.ActiveCfg = Release|Any CPU
		{7008C476-0111-4609-9B9E-5A780C1F63EF}.AppStore|Any CPU.Build.0 = Release|Any CPU
		{7008C476-0111-4609-9B9E-5A780C1F63EF}.AppStore|Any CPU.Deploy.0 = Release|Any CPU
		{7008C476-0111-4609-9B9E-5A780C1F63EF}.AppStore|ARM.ActiveCfg = Release|ARM
		{7008C476-0111-4609-9B9E-5A780C1F63EF}.AppStore|ARM.Build.0 = Release|ARM
		{7008C476-0111-4609-9B9E-5A780C1F63EF}.AppStore|ARM.Deploy.0 = Release|ARM
		{7008C476-0111-4609-9B9E-5A780C1F63EF}.AppStore|iPhone.ActiveCfg = Release|Any CPU
		{7008C476-0111-4609-9B9E-5A780C1F63EF}.AppStore|iPhoneSimulator.ActiveCfg = Release|Any CPU
		{7008C476-0111-4609-9B9E-5A780C1F63EF}.AppStore|Mixed Platforms.ActiveCfg = Release|x86
		{7008C476-0111-4609-9B9E-5A780C1F63EF}.AppStore|Mixed Platforms.Build.0 = Release|x86
		{7008C476-0111-4609-9B9E-5A780C1F63EF}.AppStore|Mixed Platforms.Deploy.0 = Release|x86
		{7008C476-0111-4609-9B9E-5A780C1F63EF}.AppStore|x86.ActiveCfg = Release|x86
		{7008C476-0111-4609-9B9E-5A780C1F63EF}.AppStore|x86.Build.0 = Release|x86
		{7008C476-0111-4609-9B9E-5A780C1F63EF}.AppStore|x86.Deploy.0 = Release|x86
		{7008C476-0111-4609-9B9E-5A780C1F63EF}.Debug|Any CPU.ActiveCfg = Debug|Any CPU
		{7008C476-0111-4609-9B9E-5A780C1F63EF}.Debug|Any CPU.Build.0 = Debug|Any CPU
		{7008C476-0111-4609-9B9E-5A780C1F63EF}.Debug|Any CPU.Deploy.0 = Debug|Any CPU
		{7008C476-0111-4609-9B9E-5A780C1F63EF}.Debug|ARM.ActiveCfg = Debug|ARM
		{7008C476-0111-4609-9B9E-5A780C1F63EF}.Debug|ARM.Build.0 = Debug|ARM
		{7008C476-0111-4609-9B9E-5A780C1F63EF}.Debug|ARM.Deploy.0 = Debug|ARM
		{7008C476-0111-4609-9B9E-5A780C1F63EF}.Debug|iPhone.ActiveCfg = Debug|Any CPU
		{7008C476-0111-4609-9B9E-5A780C1F63EF}.Debug|iPhoneSimulator.ActiveCfg = Debug|Any CPU
		{7008C476-0111-4609-9B9E-5A780C1F63EF}.Debug|Mixed Platforms.ActiveCfg = Debug|x86
		{7008C476-0111-4609-9B9E-5A780C1F63EF}.Debug|Mixed Platforms.Build.0 = Debug|x86
		{7008C476-0111-4609-9B9E-5A780C1F63EF}.Debug|Mixed Platforms.Deploy.0 = Debug|x86
		{7008C476-0111-4609-9B9E-5A780C1F63EF}.Debug|x86.ActiveCfg = Debug|x86
		{7008C476-0111-4609-9B9E-5A780C1F63EF}.Debug|x86.Build.0 = Debug|x86
		{7008C476-0111-4609-9B9E-5A780C1F63EF}.Debug|x86.Deploy.0 = Debug|x86
		{7008C476-0111-4609-9B9E-5A780C1F63EF}.Release|Any CPU.ActiveCfg = Release|Any CPU
		{7008C476-0111-4609-9B9E-5A780C1F63EF}.Release|Any CPU.Build.0 = Release|Any CPU
		{7008C476-0111-4609-9B9E-5A780C1F63EF}.Release|Any CPU.Deploy.0 = Release|Any CPU
		{7008C476-0111-4609-9B9E-5A780C1F63EF}.Release|ARM.ActiveCfg = Release|ARM
		{7008C476-0111-4609-9B9E-5A780C1F63EF}.Release|ARM.Build.0 = Release|ARM
		{7008C476-0111-4609-9B9E-5A780C1F63EF}.Release|ARM.Deploy.0 = Release|ARM
		{7008C476-0111-4609-9B9E-5A780C1F63EF}.Release|iPhone.ActiveCfg = Release|Any CPU
		{7008C476-0111-4609-9B9E-5A780C1F63EF}.Release|iPhoneSimulator.ActiveCfg = Release|Any CPU
		{7008C476-0111-4609-9B9E-5A780C1F63EF}.Release|Mixed Platforms.ActiveCfg = Release|x86
		{7008C476-0111-4609-9B9E-5A780C1F63EF}.Release|Mixed Platforms.Build.0 = Release|x86
		{7008C476-0111-4609-9B9E-5A780C1F63EF}.Release|Mixed Platforms.Deploy.0 = Release|x86
		{7008C476-0111-4609-9B9E-5A780C1F63EF}.Release|x86.ActiveCfg = Release|x86
		{7008C476-0111-4609-9B9E-5A780C1F63EF}.Release|x86.Build.0 = Release|x86
		{7008C476-0111-4609-9B9E-5A780C1F63EF}.Release|x86.Deploy.0 = Release|x86
		{70975303-5A1F-46C9-9EC5-EA6D6D991A53}.Ad-Hoc|Any CPU.ActiveCfg = Release|Any CPU
		{70975303-5A1F-46C9-9EC5-EA6D6D991A53}.Ad-Hoc|Any CPU.Build.0 = Release|Any CPU
		{70975303-5A1F-46C9-9EC5-EA6D6D991A53}.Ad-Hoc|ARM.ActiveCfg = Release|Any CPU
		{70975303-5A1F-46C9-9EC5-EA6D6D991A53}.Ad-Hoc|iPhone.ActiveCfg = Release|Any CPU
		{70975303-5A1F-46C9-9EC5-EA6D6D991A53}.Ad-Hoc|iPhoneSimulator.ActiveCfg = Release|Any CPU
		{70975303-5A1F-46C9-9EC5-EA6D6D991A53}.Ad-Hoc|Mixed Platforms.ActiveCfg = Release|Any CPU
		{70975303-5A1F-46C9-9EC5-EA6D6D991A53}.Ad-Hoc|Mixed Platforms.Build.0 = Release|Any CPU
		{70975303-5A1F-46C9-9EC5-EA6D6D991A53}.Ad-Hoc|x86.ActiveCfg = Release|Any CPU
		{70975303-5A1F-46C9-9EC5-EA6D6D991A53}.AppStore|Any CPU.ActiveCfg = Release|Any CPU
		{70975303-5A1F-46C9-9EC5-EA6D6D991A53}.AppStore|Any CPU.Build.0 = Release|Any CPU
		{70975303-5A1F-46C9-9EC5-EA6D6D991A53}.AppStore|ARM.ActiveCfg = Release|Any CPU
		{70975303-5A1F-46C9-9EC5-EA6D6D991A53}.AppStore|iPhone.ActiveCfg = Release|Any CPU
		{70975303-5A1F-46C9-9EC5-EA6D6D991A53}.AppStore|iPhoneSimulator.ActiveCfg = Release|Any CPU
		{70975303-5A1F-46C9-9EC5-EA6D6D991A53}.AppStore|Mixed Platforms.ActiveCfg = Release|Any CPU
		{70975303-5A1F-46C9-9EC5-EA6D6D991A53}.AppStore|Mixed Platforms.Build.0 = Release|Any CPU
		{70975303-5A1F-46C9-9EC5-EA6D6D991A53}.AppStore|x86.ActiveCfg = Release|Any CPU
		{70975303-5A1F-46C9-9EC5-EA6D6D991A53}.Debug|Any CPU.ActiveCfg = Debug|Any CPU
		{70975303-5A1F-46C9-9EC5-EA6D6D991A53}.Debug|Any CPU.Build.0 = Debug|Any CPU
		{70975303-5A1F-46C9-9EC5-EA6D6D991A53}.Debug|ARM.ActiveCfg = Debug|Any CPU
		{70975303-5A1F-46C9-9EC5-EA6D6D991A53}.Debug|iPhone.ActiveCfg = Debug|Any CPU
		{70975303-5A1F-46C9-9EC5-EA6D6D991A53}.Debug|iPhoneSimulator.ActiveCfg = Debug|Any CPU
		{70975303-5A1F-46C9-9EC5-EA6D6D991A53}.Debug|Mixed Platforms.ActiveCfg = Debug|Any CPU
		{70975303-5A1F-46C9-9EC5-EA6D6D991A53}.Debug|Mixed Platforms.Build.0 = Debug|Any CPU
		{70975303-5A1F-46C9-9EC5-EA6D6D991A53}.Debug|x86.ActiveCfg = Debug|Any CPU
		{70975303-5A1F-46C9-9EC5-EA6D6D991A53}.Release|Any CPU.ActiveCfg = Release|Any CPU
		{70975303-5A1F-46C9-9EC5-EA6D6D991A53}.Release|Any CPU.Build.0 = Release|Any CPU
		{70975303-5A1F-46C9-9EC5-EA6D6D991A53}.Release|ARM.ActiveCfg = Release|Any CPU
		{70975303-5A1F-46C9-9EC5-EA6D6D991A53}.Release|iPhone.ActiveCfg = Release|Any CPU
		{70975303-5A1F-46C9-9EC5-EA6D6D991A53}.Release|iPhoneSimulator.ActiveCfg = Release|Any CPU
		{70975303-5A1F-46C9-9EC5-EA6D6D991A53}.Release|Mixed Platforms.ActiveCfg = Release|Any CPU
		{70975303-5A1F-46C9-9EC5-EA6D6D991A53}.Release|Mixed Platforms.Build.0 = Release|Any CPU
		{70975303-5A1F-46C9-9EC5-EA6D6D991A53}.Release|x86.ActiveCfg = Release|Any CPU
		{FFDA80E4-B674-4E70-9FB8-7958BC824614}.Ad-Hoc|Any CPU.ActiveCfg = Release|Any CPU
		{FFDA80E4-B674-4E70-9FB8-7958BC824614}.Ad-Hoc|Any CPU.Build.0 = Release|Any CPU
		{FFDA80E4-B674-4E70-9FB8-7958BC824614}.Ad-Hoc|ARM.ActiveCfg = Release|Any CPU
		{FFDA80E4-B674-4E70-9FB8-7958BC824614}.Ad-Hoc|iPhone.ActiveCfg = Release|Any CPU
		{FFDA80E4-B674-4E70-9FB8-7958BC824614}.Ad-Hoc|iPhoneSimulator.ActiveCfg = Release|Any CPU
		{FFDA80E4-B674-4E70-9FB8-7958BC824614}.Ad-Hoc|Mixed Platforms.ActiveCfg = Release|Any CPU
		{FFDA80E4-B674-4E70-9FB8-7958BC824614}.Ad-Hoc|Mixed Platforms.Build.0 = Release|Any CPU
		{FFDA80E4-B674-4E70-9FB8-7958BC824614}.Ad-Hoc|x86.ActiveCfg = Release|Any CPU
		{FFDA80E4-B674-4E70-9FB8-7958BC824614}.AppStore|Any CPU.ActiveCfg = Release|Any CPU
		{FFDA80E4-B674-4E70-9FB8-7958BC824614}.AppStore|Any CPU.Build.0 = Release|Any CPU
		{FFDA80E4-B674-4E70-9FB8-7958BC824614}.AppStore|ARM.ActiveCfg = Release|Any CPU
		{FFDA80E4-B674-4E70-9FB8-7958BC824614}.AppStore|iPhone.ActiveCfg = Release|Any CPU
		{FFDA80E4-B674-4E70-9FB8-7958BC824614}.AppStore|iPhoneSimulator.ActiveCfg = Release|Any CPU
		{FFDA80E4-B674-4E70-9FB8-7958BC824614}.AppStore|Mixed Platforms.ActiveCfg = Release|Any CPU
		{FFDA80E4-B674-4E70-9FB8-7958BC824614}.AppStore|Mixed Platforms.Build.0 = Release|Any CPU
		{FFDA80E4-B674-4E70-9FB8-7958BC824614}.AppStore|x86.ActiveCfg = Release|Any CPU
		{FFDA80E4-B674-4E70-9FB8-7958BC824614}.Debug|Any CPU.ActiveCfg = Debug|Any CPU
		{FFDA80E4-B674-4E70-9FB8-7958BC824614}.Debug|Any CPU.Build.0 = Debug|Any CPU
		{FFDA80E4-B674-4E70-9FB8-7958BC824614}.Debug|ARM.ActiveCfg = Debug|Any CPU
		{FFDA80E4-B674-4E70-9FB8-7958BC824614}.Debug|iPhone.ActiveCfg = Debug|Any CPU
		{FFDA80E4-B674-4E70-9FB8-7958BC824614}.Debug|iPhoneSimulator.ActiveCfg = Debug|Any CPU
		{FFDA80E4-B674-4E70-9FB8-7958BC824614}.Debug|Mixed Platforms.ActiveCfg = Debug|Any CPU
		{FFDA80E4-B674-4E70-9FB8-7958BC824614}.Debug|Mixed Platforms.Build.0 = Debug|Any CPU
		{FFDA80E4-B674-4E70-9FB8-7958BC824614}.Debug|x86.ActiveCfg = Debug|Any CPU
		{FFDA80E4-B674-4E70-9FB8-7958BC824614}.Release|Any CPU.ActiveCfg = Release|Any CPU
		{FFDA80E4-B674-4E70-9FB8-7958BC824614}.Release|Any CPU.Build.0 = Release|Any CPU
		{FFDA80E4-B674-4E70-9FB8-7958BC824614}.Release|ARM.ActiveCfg = Release|Any CPU
		{FFDA80E4-B674-4E70-9FB8-7958BC824614}.Release|iPhone.ActiveCfg = Release|Any CPU
		{FFDA80E4-B674-4E70-9FB8-7958BC824614}.Release|iPhoneSimulator.ActiveCfg = Release|Any CPU
		{FFDA80E4-B674-4E70-9FB8-7958BC824614}.Release|Mixed Platforms.ActiveCfg = Release|Any CPU
		{FFDA80E4-B674-4E70-9FB8-7958BC824614}.Release|Mixed Platforms.Build.0 = Release|Any CPU
		{FFDA80E4-B674-4E70-9FB8-7958BC824614}.Release|x86.ActiveCfg = Release|Any CPU
		{67F9D3A8-F71E-4428-913F-C37AE82CDB24}.Ad-Hoc|Any CPU.ActiveCfg = Release|Any CPU
		{67F9D3A8-F71E-4428-913F-C37AE82CDB24}.Ad-Hoc|Any CPU.Build.0 = Release|Any CPU
		{67F9D3A8-F71E-4428-913F-C37AE82CDB24}.Ad-Hoc|ARM.ActiveCfg = Release|Any CPU
		{67F9D3A8-F71E-4428-913F-C37AE82CDB24}.Ad-Hoc|iPhone.ActiveCfg = Release|Any CPU
		{67F9D3A8-F71E-4428-913F-C37AE82CDB24}.Ad-Hoc|iPhoneSimulator.ActiveCfg = Release|Any CPU
		{67F9D3A8-F71E-4428-913F-C37AE82CDB24}.Ad-Hoc|Mixed Platforms.ActiveCfg = Release|Any CPU
		{67F9D3A8-F71E-4428-913F-C37AE82CDB24}.Ad-Hoc|Mixed Platforms.Build.0 = Release|Any CPU
		{67F9D3A8-F71E-4428-913F-C37AE82CDB24}.Ad-Hoc|x86.ActiveCfg = Release|Any CPU
		{67F9D3A8-F71E-4428-913F-C37AE82CDB24}.AppStore|Any CPU.ActiveCfg = Release|Any CPU
		{67F9D3A8-F71E-4428-913F-C37AE82CDB24}.AppStore|Any CPU.Build.0 = Release|Any CPU
		{67F9D3A8-F71E-4428-913F-C37AE82CDB24}.AppStore|ARM.ActiveCfg = Release|Any CPU
		{67F9D3A8-F71E-4428-913F-C37AE82CDB24}.AppStore|iPhone.ActiveCfg = Release|Any CPU
		{67F9D3A8-F71E-4428-913F-C37AE82CDB24}.AppStore|iPhoneSimulator.ActiveCfg = Release|Any CPU
		{67F9D3A8-F71E-4428-913F-C37AE82CDB24}.AppStore|Mixed Platforms.ActiveCfg = Release|Any CPU
		{67F9D3A8-F71E-4428-913F-C37AE82CDB24}.AppStore|Mixed Platforms.Build.0 = Release|Any CPU
		{67F9D3A8-F71E-4428-913F-C37AE82CDB24}.AppStore|x86.ActiveCfg = Release|Any CPU
		{67F9D3A8-F71E-4428-913F-C37AE82CDB24}.Debug|Any CPU.ActiveCfg = Debug|Any CPU
		{67F9D3A8-F71E-4428-913F-C37AE82CDB24}.Debug|Any CPU.Build.0 = Debug|Any CPU
		{67F9D3A8-F71E-4428-913F-C37AE82CDB24}.Debug|ARM.ActiveCfg = Debug|Any CPU
		{67F9D3A8-F71E-4428-913F-C37AE82CDB24}.Debug|iPhone.ActiveCfg = Debug|Any CPU
		{67F9D3A8-F71E-4428-913F-C37AE82CDB24}.Debug|iPhoneSimulator.ActiveCfg = Debug|Any CPU
		{67F9D3A8-F71E-4428-913F-C37AE82CDB24}.Debug|Mixed Platforms.ActiveCfg = Debug|Any CPU
		{67F9D3A8-F71E-4428-913F-C37AE82CDB24}.Debug|Mixed Platforms.Build.0 = Debug|Any CPU
		{67F9D3A8-F71E-4428-913F-C37AE82CDB24}.Debug|x86.ActiveCfg = Debug|Any CPU
		{67F9D3A8-F71E-4428-913F-C37AE82CDB24}.Release|Any CPU.ActiveCfg = Release|Any CPU
		{67F9D3A8-F71E-4428-913F-C37AE82CDB24}.Release|Any CPU.Build.0 = Release|Any CPU
		{67F9D3A8-F71E-4428-913F-C37AE82CDB24}.Release|ARM.ActiveCfg = Release|Any CPU
		{67F9D3A8-F71E-4428-913F-C37AE82CDB24}.Release|iPhone.ActiveCfg = Release|Any CPU
		{67F9D3A8-F71E-4428-913F-C37AE82CDB24}.Release|iPhoneSimulator.ActiveCfg = Release|Any CPU
		{67F9D3A8-F71E-4428-913F-C37AE82CDB24}.Release|Mixed Platforms.ActiveCfg = Release|Any CPU
		{67F9D3A8-F71E-4428-913F-C37AE82CDB24}.Release|Mixed Platforms.Build.0 = Release|Any CPU
		{67F9D3A8-F71E-4428-913F-C37AE82CDB24}.Release|x86.ActiveCfg = Release|Any CPU
		{584F4F30-0140-4296-ACD7-03F0DA91682E}.Ad-Hoc|Any CPU.ActiveCfg = Release|Any CPU
		{584F4F30-0140-4296-ACD7-03F0DA91682E}.Ad-Hoc|Any CPU.Build.0 = Release|Any CPU
		{584F4F30-0140-4296-ACD7-03F0DA91682E}.Ad-Hoc|ARM.ActiveCfg = Release|Any CPU
		{584F4F30-0140-4296-ACD7-03F0DA91682E}.Ad-Hoc|iPhone.ActiveCfg = Release|Any CPU
		{584F4F30-0140-4296-ACD7-03F0DA91682E}.Ad-Hoc|iPhoneSimulator.ActiveCfg = Release|Any CPU
		{584F4F30-0140-4296-ACD7-03F0DA91682E}.Ad-Hoc|Mixed Platforms.ActiveCfg = Release|Any CPU
		{584F4F30-0140-4296-ACD7-03F0DA91682E}.Ad-Hoc|Mixed Platforms.Build.0 = Release|Any CPU
		{584F4F30-0140-4296-ACD7-03F0DA91682E}.Ad-Hoc|x86.ActiveCfg = Release|Any CPU
		{584F4F30-0140-4296-ACD7-03F0DA91682E}.AppStore|Any CPU.ActiveCfg = Release|Any CPU
		{584F4F30-0140-4296-ACD7-03F0DA91682E}.AppStore|Any CPU.Build.0 = Release|Any CPU
		{584F4F30-0140-4296-ACD7-03F0DA91682E}.AppStore|ARM.ActiveCfg = Release|Any CPU
		{584F4F30-0140-4296-ACD7-03F0DA91682E}.AppStore|iPhone.ActiveCfg = Release|Any CPU
		{584F4F30-0140-4296-ACD7-03F0DA91682E}.AppStore|iPhoneSimulator.ActiveCfg = Release|Any CPU
		{584F4F30-0140-4296-ACD7-03F0DA91682E}.AppStore|Mixed Platforms.ActiveCfg = Release|Any CPU
		{584F4F30-0140-4296-ACD7-03F0DA91682E}.AppStore|Mixed Platforms.Build.0 = Release|Any CPU
		{584F4F30-0140-4296-ACD7-03F0DA91682E}.AppStore|x86.ActiveCfg = Release|Any CPU
		{584F4F30-0140-4296-ACD7-03F0DA91682E}.Debug|Any CPU.ActiveCfg = Debug|Any CPU
		{584F4F30-0140-4296-ACD7-03F0DA91682E}.Debug|Any CPU.Build.0 = Debug|Any CPU
		{584F4F30-0140-4296-ACD7-03F0DA91682E}.Debug|ARM.ActiveCfg = Debug|Any CPU
		{584F4F30-0140-4296-ACD7-03F0DA91682E}.Debug|iPhone.ActiveCfg = Debug|Any CPU
		{584F4F30-0140-4296-ACD7-03F0DA91682E}.Debug|iPhoneSimulator.ActiveCfg = Debug|Any CPU
		{584F4F30-0140-4296-ACD7-03F0DA91682E}.Debug|Mixed Platforms.ActiveCfg = Debug|Any CPU
		{584F4F30-0140-4296-ACD7-03F0DA91682E}.Debug|Mixed Platforms.Build.0 = Debug|Any CPU
		{584F4F30-0140-4296-ACD7-03F0DA91682E}.Debug|x86.ActiveCfg = Debug|Any CPU
		{584F4F30-0140-4296-ACD7-03F0DA91682E}.Release|Any CPU.ActiveCfg = Release|Any CPU
		{584F4F30-0140-4296-ACD7-03F0DA91682E}.Release|Any CPU.Build.0 = Release|Any CPU
		{584F4F30-0140-4296-ACD7-03F0DA91682E}.Release|ARM.ActiveCfg = Release|Any CPU
		{584F4F30-0140-4296-ACD7-03F0DA91682E}.Release|iPhone.ActiveCfg = Release|Any CPU
		{584F4F30-0140-4296-ACD7-03F0DA91682E}.Release|iPhoneSimulator.ActiveCfg = Release|Any CPU
		{584F4F30-0140-4296-ACD7-03F0DA91682E}.Release|Mixed Platforms.ActiveCfg = Release|Any CPU
		{584F4F30-0140-4296-ACD7-03F0DA91682E}.Release|Mixed Platforms.Build.0 = Release|Any CPU
		{584F4F30-0140-4296-ACD7-03F0DA91682E}.Release|x86.ActiveCfg = Release|Any CPU
		{3C22081C-C5BD-4E4A-9D84-BAE9261FC0D9}.Ad-Hoc|Any CPU.ActiveCfg = Release|Any CPU
		{3C22081C-C5BD-4E4A-9D84-BAE9261FC0D9}.Ad-Hoc|Any CPU.Build.0 = Release|Any CPU
		{3C22081C-C5BD-4E4A-9D84-BAE9261FC0D9}.Ad-Hoc|ARM.ActiveCfg = Release|Any CPU
		{3C22081C-C5BD-4E4A-9D84-BAE9261FC0D9}.Ad-Hoc|ARM.Build.0 = Release|Any CPU
		{3C22081C-C5BD-4E4A-9D84-BAE9261FC0D9}.Ad-Hoc|iPhone.ActiveCfg = Release|Any CPU
		{3C22081C-C5BD-4E4A-9D84-BAE9261FC0D9}.Ad-Hoc|iPhone.Build.0 = Release|Any CPU
		{3C22081C-C5BD-4E4A-9D84-BAE9261FC0D9}.Ad-Hoc|iPhoneSimulator.ActiveCfg = Release|Any CPU
		{3C22081C-C5BD-4E4A-9D84-BAE9261FC0D9}.Ad-Hoc|iPhoneSimulator.Build.0 = Release|Any CPU
		{3C22081C-C5BD-4E4A-9D84-BAE9261FC0D9}.Ad-Hoc|Mixed Platforms.ActiveCfg = Release|Any CPU
		{3C22081C-C5BD-4E4A-9D84-BAE9261FC0D9}.Ad-Hoc|Mixed Platforms.Build.0 = Release|Any CPU
		{3C22081C-C5BD-4E4A-9D84-BAE9261FC0D9}.Ad-Hoc|x86.ActiveCfg = Release|Any CPU
		{3C22081C-C5BD-4E4A-9D84-BAE9261FC0D9}.Ad-Hoc|x86.Build.0 = Release|Any CPU
		{3C22081C-C5BD-4E4A-9D84-BAE9261FC0D9}.AppStore|Any CPU.ActiveCfg = Release|Any CPU
		{3C22081C-C5BD-4E4A-9D84-BAE9261FC0D9}.AppStore|Any CPU.Build.0 = Release|Any CPU
		{3C22081C-C5BD-4E4A-9D84-BAE9261FC0D9}.AppStore|ARM.ActiveCfg = Release|Any CPU
		{3C22081C-C5BD-4E4A-9D84-BAE9261FC0D9}.AppStore|ARM.Build.0 = Release|Any CPU
		{3C22081C-C5BD-4E4A-9D84-BAE9261FC0D9}.AppStore|iPhone.ActiveCfg = Release|Any CPU
		{3C22081C-C5BD-4E4A-9D84-BAE9261FC0D9}.AppStore|iPhone.Build.0 = Release|Any CPU
		{3C22081C-C5BD-4E4A-9D84-BAE9261FC0D9}.AppStore|iPhoneSimulator.ActiveCfg = Release|Any CPU
		{3C22081C-C5BD-4E4A-9D84-BAE9261FC0D9}.AppStore|iPhoneSimulator.Build.0 = Release|Any CPU
		{3C22081C-C5BD-4E4A-9D84-BAE9261FC0D9}.AppStore|Mixed Platforms.ActiveCfg = Release|Any CPU
		{3C22081C-C5BD-4E4A-9D84-BAE9261FC0D9}.AppStore|Mixed Platforms.Build.0 = Release|Any CPU
		{3C22081C-C5BD-4E4A-9D84-BAE9261FC0D9}.AppStore|x86.ActiveCfg = Release|Any CPU
		{3C22081C-C5BD-4E4A-9D84-BAE9261FC0D9}.AppStore|x86.Build.0 = Release|Any CPU
		{3C22081C-C5BD-4E4A-9D84-BAE9261FC0D9}.Debug|Any CPU.ActiveCfg = Debug|Any CPU
		{3C22081C-C5BD-4E4A-9D84-BAE9261FC0D9}.Debug|Any CPU.Build.0 = Debug|Any CPU
		{3C22081C-C5BD-4E4A-9D84-BAE9261FC0D9}.Debug|ARM.ActiveCfg = Debug|Any CPU
		{3C22081C-C5BD-4E4A-9D84-BAE9261FC0D9}.Debug|ARM.Build.0 = Debug|Any CPU
		{3C22081C-C5BD-4E4A-9D84-BAE9261FC0D9}.Debug|iPhone.ActiveCfg = Debug|Any CPU
		{3C22081C-C5BD-4E4A-9D84-BAE9261FC0D9}.Debug|iPhone.Build.0 = Debug|Any CPU
		{3C22081C-C5BD-4E4A-9D84-BAE9261FC0D9}.Debug|iPhoneSimulator.ActiveCfg = Debug|Any CPU
		{3C22081C-C5BD-4E4A-9D84-BAE9261FC0D9}.Debug|iPhoneSimulator.Build.0 = Debug|Any CPU
		{3C22081C-C5BD-4E4A-9D84-BAE9261FC0D9}.Debug|Mixed Platforms.ActiveCfg = Debug|Any CPU
		{3C22081C-C5BD-4E4A-9D84-BAE9261FC0D9}.Debug|Mixed Platforms.Build.0 = Debug|Any CPU
		{3C22081C-C5BD-4E4A-9D84-BAE9261FC0D9}.Debug|x86.ActiveCfg = Debug|Any CPU
		{3C22081C-C5BD-4E4A-9D84-BAE9261FC0D9}.Debug|x86.Build.0 = Debug|Any CPU
		{3C22081C-C5BD-4E4A-9D84-BAE9261FC0D9}.Release|Any CPU.ActiveCfg = Release|Any CPU
		{3C22081C-C5BD-4E4A-9D84-BAE9261FC0D9}.Release|Any CPU.Build.0 = Release|Any CPU
		{3C22081C-C5BD-4E4A-9D84-BAE9261FC0D9}.Release|ARM.ActiveCfg = Release|Any CPU
		{3C22081C-C5BD-4E4A-9D84-BAE9261FC0D9}.Release|ARM.Build.0 = Release|Any CPU
		{3C22081C-C5BD-4E4A-9D84-BAE9261FC0D9}.Release|iPhone.ActiveCfg = Release|Any CPU
		{3C22081C-C5BD-4E4A-9D84-BAE9261FC0D9}.Release|iPhone.Build.0 = Release|Any CPU
		{3C22081C-C5BD-4E4A-9D84-BAE9261FC0D9}.Release|iPhoneSimulator.ActiveCfg = Release|Any CPU
		{3C22081C-C5BD-4E4A-9D84-BAE9261FC0D9}.Release|iPhoneSimulator.Build.0 = Release|Any CPU
		{3C22081C-C5BD-4E4A-9D84-BAE9261FC0D9}.Release|Mixed Platforms.ActiveCfg = Release|Any CPU
		{3C22081C-C5BD-4E4A-9D84-BAE9261FC0D9}.Release|Mixed Platforms.Build.0 = Release|Any CPU
		{3C22081C-C5BD-4E4A-9D84-BAE9261FC0D9}.Release|x86.ActiveCfg = Release|Any CPU
		{3C22081C-C5BD-4E4A-9D84-BAE9261FC0D9}.Release|x86.Build.0 = Release|Any CPU
	EndGlobalSection
	GlobalSection(SolutionProperties) = preSolution
		HideSolutionNode = FALSE
	EndGlobalSection
	GlobalSection(NestedProjects) = preSolution
		{5E5A4F21-29E9-4A65-8BC8-F0C681288C89} = {8CB09A68-5AE2-4848-904C-632344FDCF21}
		{9B76C107-87FA-4471-82A6-A72E707C49FD} = {8163F151-3CB5-4464-9772-6646C25FF999}
		{E0733125-8B9D-4F2B-A207-4364CD1CBFD6} = {8163F151-3CB5-4464-9772-6646C25FF999}
		{7008C476-0111-4609-9B9E-5A780C1F63EF} = {8163F151-3CB5-4464-9772-6646C25FF999}
		{70975303-5A1F-46C9-9EC5-EA6D6D991A53} = {AA87B26F-1632-4159-8569-AFFF327A4B8F}
		{FFDA80E4-B674-4E70-9FB8-7958BC824614} = {8499C92C-74A7-4FF8-890A-FA9EC918FF55}
		{67F9D3A8-F71E-4428-913F-C37AE82CDB24} = {8499C92C-74A7-4FF8-890A-FA9EC918FF55}
		{584F4F30-0140-4296-ACD7-03F0DA91682E} = {E161DF30-3040-423B-B8CD-21861B8C049F}
		{3C22081C-C5BD-4E4A-9D84-BAE9261FC0D9} = {8499C92C-74A7-4FF8-890A-FA9EC918FF55}
	EndGlobalSection
EndGlobal
